packages:
- git: https://github.com/dbt-labs/dbt-pov-model-cost-calculator.git
  name: dbt_pov_model_cost_calculator
  revision: b5487cd2c1acc4dbd8e70a3ce74c54a147981886
  __unrendered__:
    __unrendered__: {}
- package: dbt-labs/dbt_utils
  name: dbt_utils
  version: 1.3.3
sha1_hash: 59e00c80ddc67479bb0d1829d5405d187f6721b3
